{
  "name": "examples",
  "version": "1.0.0",
  "lockfileVersion": 1,
  "requires": true,
  "dependencies": {
    "@lumiastream/lumia-types": {
      "version": "0.2.1-beta.2",
      "resolved": "https://registry.npmjs.org/@lumiastream/lumia-types/-/lumia-types-0.2.1-beta.2.tgz",
      "integrity": "sha512-gDED3EZKZHPnOE9zqBSEj6DznPjRg0QOyuU1nnsavzTAiufwA6SwKv3a/zyfmv1eQg55sJI0Ari2Wi3ILe5haQ=="
    },
    "@lumiastream/sdk": {
      "version": "0.1.0-beta.3",
      "resolved": "https://registry.npmjs.org/@lumiastream/sdk/-/sdk-0.1.0-beta.3.tgz",
      "integrity": "sha512-03uHfxpJGSbyqYNMc06xjSv4yu+RYatLHozB5qQMt33eW2wXJVsaSF9+MbuT1eP+nnTTfRUt7niALuVMqhYL7Q==",
      "requires": {
        "@lumiastream/lumia-types": "0.2.1-beta.2",
        "axios": "0.25.0",
        "sockette": "^2.0.6",
        "ws": "^8.0.0"
      }
    },
    "axios": {
      "version": "0.25.0",
      "resolved": "https://registry.npmjs.org/axios/-/axios-0.25.0.tgz",
      "integrity": "sha512-cD8FOb0tRH3uuEe6+evtAbgJtfxr7ly3fQjYcMcuPlgkwVS9xboaVIpcDV+cYQe+yGykgwZCs1pzjntcGa6l5g==",
      "requires": {
        "follow-redirects": "^1.14.7"
      }
    },
    "follow-redirects": {
      "version": "1.14.8",
      "resolved": "https://registry.npmjs.org/follow-redirects/-/follow-redirects-1.14.8.tgz",
      "integrity": "sha512-1x0S9UVJHsQprFcEC/qnNzBLcIxsjAV905f/UkQxbclCsoTWlacCNOpQa/anodLl2uaEKFhfWOvM2Qg77+15zA=="
    },
    "sockette": {
      "version": "2.0.6",
      "resolved": "https://registry.npmjs.org/sockette/-/sockette-2.0.6.tgz",
      "integrity": "sha512-W6iG8RGV6Zife3Cj+FhuyHV447E6fqFM2hKmnaQrTvg3OydINV3Msj3WPFbX76blUlUxvQSMMMdrJxce8NqI5Q=="
    },
    "ws": {
      "version": "8.5.0",
      "resolved": "https://registry.npmjs.org/ws/-/ws-8.5.0.tgz",
      "integrity": "sha512-BWX0SWVgLPzYwF8lTzEy1egjhS4S4OEAHfsO8o65WOVsrnSRGaSiUaa9e0ggGlkMTtBlmOpEXiie9RUcBO86qg==",
      "optional": true
    }
  }
}
