{
  "name": "examples",
  "version": "1.0.0",
  "lockfileVersion": 2,
  "requires": true,
  "packages": {
    "": {
      "version": "1.0.0",
      "license": "ISC",
      "dependencies": {
        "@lumiastream/lumia-types": "0.2.1-beta.3",
        "@lumiastream/sdk": "0.1.0-beta.4"
      }
    },
    "node_modules/@lumiastream/lumia-types": {
      "version": "0.2.1-beta.3",
      "resolved": "https://registry.npmjs.org/@lumiastream/lumia-types/-/lumia-types-0.2.1-beta.3.tgz",
      "integrity": "sha512-vLDKsPXrkxvxHZd+T3c/Y2XFHww4c7qvttZrcek7YoOl4KcuMFueG0HOAgyDapFng91EQjZMrm1aBWPNT0NPRw=="
    },
    "node_modules/@lumiastream/sdk": {
      "version": "0.1.0-beta.4",
      "resolved": "https://registry.npmjs.org/@lumiastream/sdk/-/sdk-0.1.0-beta.4.tgz",
      "integrity": "sha512-GYXl7Axgngy2A1hfC/jcntD0oMGaGXwNV1kkda6wVPMoSWyfNs6N5wfDm3lzehxL1kw4YnVudnBwI7RAC8RwvA==",
      "dependencies": {
        "@lumiastream/lumia-types": "0.2.1-beta.3",
        "axios": "0.25.0",
        "sockette": "^2.0.6"
      },
      "optionalDependencies": {
        "ws": "^8.0.0"
      }
    },
    "node_modules/axios": {
      "version": "0.25.0",
      "resolved": "https://registry.npmjs.org/axios/-/axios-0.25.0.tgz",
      "integrity": "sha512-cD8FOb0tRH3uuEe6+evtAbgJtfxr7ly3fQjYcMcuPlgkwVS9xboaVIpcDV+cYQe+yGykgwZCs1pzjntcGa6l5g==",
      "dependencies": {
        "follow-redirects": "^1.14.7"
      }
    },
    "node_modules/follow-redirects": {
      "version": "1.14.8",
      "resolved": "https://registry.npmjs.org/follow-redirects/-/follow-redirects-1.14.8.tgz",
      "integrity": "sha512-1x0S9UVJHsQprFcEC/qnNzBLcIxsjAV905f/UkQxbclCsoTWlacCNOpQa/anodLl2uaEKFhfWOvM2Qg77+15zA==",
      "funding": [
        {
          "type": "individual",
          "url": "https://github.com/sponsors/RubenVerborgh"
        }
      ],
      "engines": {
        "node": ">=4.0"
      },
      "peerDependenciesMeta": {
        "debug": {
          "optional": true
        }
      }
    },
    "node_modules/sockette": {
      "version": "2.0.6",
      "resolved": "https://registry.npmjs.org/sockette/-/sockette-2.0.6.tgz",
      "integrity": "sha512-W6iG8RGV6Zife3Cj+FhuyHV447E6fqFM2hKmnaQrTvg3OydINV3Msj3WPFbX76blUlUxvQSMMMdrJxce8NqI5Q=="
    },
    "node_modules/ws": {
      "version": "8.5.0",
      "resolved": "https://registry.npmjs.org/ws/-/ws-8.5.0.tgz",
      "integrity": "sha512-BWX0SWVgLPzYwF8lTzEy1egjhS4S4OEAHfsO8o65WOVsrnSRGaSiUaa9e0ggGlkMTtBlmOpEXiie9RUcBO86qg==",
      "optional": true,
      "engines": {
        "node": ">=10.0.0"
      },
      "peerDependencies": {
        "bufferutil": "^4.0.1",
        "utf-8-validate": "^5.0.2"
      },
      "peerDependenciesMeta": {
        "bufferutil": {
          "optional": true
        },
        "utf-8-validate": {
          "optional": true
        }
      }
    }
  },
  "dependencies": {
    "@lumiastream/lumia-types": {
      "version": "0.2.1-beta.3",
      "resolved": "https://registry.npmjs.org/@lumiastream/lumia-types/-/lumia-types-0.2.1-beta.3.tgz",
      "integrity": "sha512-vLDKsPXrkxvxHZd+T3c/Y2XFHww4c7qvttZrcek7YoOl4KcuMFueG0HOAgyDapFng91EQjZMrm1aBWPNT0NPRw=="
    },
    "@lumiastream/sdk": {
      "version": "0.1.0-beta.4",
      "resolved": "https://registry.npmjs.org/@lumiastream/sdk/-/sdk-0.1.0-beta.4.tgz",
      "integrity": "sha512-GYXl7Axgngy2A1hfC/jcntD0oMGaGXwNV1kkda6wVPMoSWyfNs6N5wfDm3lzehxL1kw4YnVudnBwI7RAC8RwvA==",
      "requires": {
        "@lumiastream/lumia-types": "0.2.1-beta.3",
        "axios": "0.25.0",
        "sockette": "^2.0.6",
        "ws": "^8.0.0"
      }
    },
    "axios": {
      "version": "0.25.0",
      "resolved": "https://registry.npmjs.org/axios/-/axios-0.25.0.tgz",
      "integrity": "sha512-cD8FOb0tRH3uuEe6+evtAbgJtfxr7ly3fQjYcMcuPlgkwVS9xboaVIpcDV+cYQe+yGykgwZCs1pzjntcGa6l5g==",
      "requires": {
        "follow-redirects": "^1.14.7"
      }
    },
    "follow-redirects": {
      "version": "1.14.8",
      "resolved": "https://registry.npmjs.org/follow-redirects/-/follow-redirects-1.14.8.tgz",
      "integrity": "sha512-1x0S9UVJHsQprFcEC/qnNzBLcIxsjAV905f/UkQxbclCsoTWlacCNOpQa/anodLl2uaEKFhfWOvM2Qg77+15zA=="
    },
    "sockette": {
      "version": "2.0.6",
      "resolved": "https://registry.npmjs.org/sockette/-/sockette-2.0.6.tgz",
      "integrity": "sha512-W6iG8RGV6Zife3Cj+FhuyHV447E6fqFM2hKmnaQrTvg3OydINV3Msj3WPFbX76blUlUxvQSMMMdrJxce8NqI5Q=="
    },
    "ws": {
      "version": "8.5.0",
      "resolved": "https://registry.npmjs.org/ws/-/ws-8.5.0.tgz",
      "integrity": "sha512-BWX0SWVgLPzYwF8lTzEy1egjhS4S4OEAHfsO8o65WOVsrnSRGaSiUaa9e0ggGlkMTtBlmOpEXiie9RUcBO86qg==",
      "optional": true,
      "requires": {}
    }
  }
}
